# This file is generated by running "yarn install" inside your project.
# Manual changes might be lost - proceed with caution!

__metadata:
  version: 6
  cacheKey: 8

"@vant/weapp@npm:^1.10.14":
  version: 1.10.14
  resolution: "@vant/weapp@npm:1.10.14"
  checksum: fd757fe0995295f983e5338f0a06b4e55ccd61b0c0447e97d96330803651c62e8a8d447337d586d7b64c2e1fd61cdba30185d58e7f8d03869023c0ffab97a700
  languageName: node
  linkType: hard

"NetEaseMusic@workspace:.":
  version: 0.0.0-use.local
  resolution: "NetEaseMusic@workspace:."
  dependencies:
    "@vant/weapp": ^1.10.14
    crypto-js: ^4.1.1
    js-base64: ^3.7.5
    lin-ui: ^0.9.13
    moment: ^2.29.4
    pubsub-js: ^1.9.4
  languageName: unknown
  linkType: soft

"crypto-js@npm:^4.1.1":
  version: 4.1.1
  resolution: "crypto-js@npm:4.1.1"
  checksum: b3747c12ee3a7632fab3b3e171ea50f78b182545f0714f6d3e7e2858385f0f4101a15f2517e033802ce9d12ba50a391575ff4638c9de3dd9b2c4bc47768d5425
  languageName: node
  linkType: hard

"js-base64@npm:^3.7.5":
  version: 3.7.5
  resolution: "js-base64@npm:3.7.5"
  checksum: 67a78c8b1c47b73f1c6fba1957e9fe6fd9dc78ac93ac46cc2e43472dcb9cf150d126fb0e593192e88e0497354fa634d17d255add7cc6ee3c7b4d29870faa8e18
  languageName: node
  linkType: hard

"lin-ui@npm:^0.9.13":
  version: 0.9.13
  resolution: "lin-ui@npm:0.9.13"
  checksum: 42ec16d700747b10bb763da6db7e1ecf901ae8678888255b172d60b657de88b48d306a6bd859ece939f6598f842755db447d7051c3399f4b24846c3c2189d19a
  languageName: node
  linkType: hard

"moment@npm:^2.29.4":
  version: 2.29.4
  resolution: "moment@npm:2.29.4"
  checksum: 0ec3f9c2bcba38dc2451b1daed5daded747f17610b92427bebe1d08d48d8b7bdd8d9197500b072d14e326dd0ccf3e326b9e3d07c5895d3d49e39b6803b76e80e
  languageName: node
  linkType: hard

"pubsub-js@npm:^1.9.4":
  version: 1.9.4
  resolution: "pubsub-js@npm:1.9.4"
  checksum: 4644a74d0731786bc10b5b01418ee8221f1dcd3ce6b6b011cf383059f625d6ce658e83c234c67dcdd3058023867bdcf128c1edff6cc05d09a3206d2276e14d36
  languageName: node
  linkType: hard
